{
  "name": "photo-sphere-viewer-lensflare-plugin",
  "version": "0.0.1",
  "lockfileVersion": 3,
  "requires": true,
  "packages": {
    "": {
      "name": "photo-sphere-viewer-lensflare-plugin",
      "version": "0.0.1",
      "license": "MIT",
      "dependencies": {
        "@photo-sphere-viewer/core": "^5.0.2",
        "three": "^0.148.0"
      },
      "devDependencies": {
        "rollup": "^3.10.0"
      }
    },
    "node_modules/@photo-sphere-viewer/core": {
      "version": "5.0.2",
      "resolved": "https://registry.npmjs.org/@photo-sphere-viewer/core/-/core-5.0.2.tgz",
      "integrity": "sha512-pV6p3X+dJDc9f9Y9eCf8zKKhRm7sxm6r/Y68Yj+IX3xYWu8ANprn8KeXXmSuGa5rLftAz7pgcZvw7EmRRYQLUQ==",
      "dependencies": {
        "three": "^0.148.0"
      }
    },
    "node_modules/fsevents": {
      "version": "2.3.2",
      "resolved": "https://registry.npmjs.org/fsevents/-/fsevents-2.3.2.tgz",
      "integrity": "sha512-xiqMQR4xAeHTuB9uWm+fFRcIOgKBMiOBP+eXiyT7jsgVCq1bkVygt00oASowB7EdtpOHaaPgKt812P9ab+DDKA==",
      "dev": true,
      "hasInstallScript": true,
      "optional": true,
      "os": [
        "darwin"
      ],
      "engines": {
        "node": "^8.16.0 || ^10.6.0 || >=11.0.0"
      }
    },
    "node_modules/rollup": {
      "version": "3.10.0",
      "resolved": "https://registry.npmjs.org/rollup/-/rollup-3.10.0.tgz",
      "integrity": "sha512-JmRYz44NjC1MjVF2VKxc0M1a97vn+cDxeqWmnwyAF4FvpjK8YFdHpaqvQB+3IxCvX05vJxKZkoMDU8TShhmJVA==",
      "dev": true,
      "bin": {
        "rollup": "dist/bin/rollup"
      },
      "engines": {
        "node": ">=14.18.0",
        "npm": ">=8.0.0"
      },
      "optionalDependencies": {
        "fsevents": "~2.3.2"
      }
    },
    "node_modules/three": {
      "version": "0.148.0",
      "resolved": "https://registry.npmjs.org/three/-/three-0.148.0.tgz",
      "integrity": "sha512-8uzVV+qhTPi0bOFs/3te3RW6hb3urL8jYEl6irjCWo/l6sr8MPNMcClFev/MMYeIxr0gmDcoXTy/8LXh/LXkfw=="
    }
  }
}
